
Microsoft Visual Studio Solution File, Format Version 12.00
# Visual Studio 15
VisualStudioVersion = 15.0.27703.2047
MinimumVisualStudioVersion = 10.0.40219.1
Project("{8BC9CEB8-8B4A-11D0-8D11-00A0C91BC942}") = "Hello Aie", "Project1\Project1.vcxproj", "{82E73155-DC2F-4008-8F2E-FAB260865AF3}"
EndProject
Project("{8BC9CEB8-8B4A-11D0-8D11-00A0C91BC942}") = "variables", "Project2\Project2.vcxproj", "{BA9807DE-E240-418A-B834-82C6D9C47EF9}"
EndProject
Global
	GlobalSection(SolutionConfigurationPlatforms) = preSolution
		Debug|x64 = Debug|x64
		Debug|x86 = Debug|x86
		Release|x64 = Release|x64
		Release|x86 = Release|x86
	EndGlobalSection
	GlobalSection(ProjectConfigurationPlatforms) = postSolution
		{82E73155-DC2F-4008-8F2E-FAB260865AF3}.Debug|x64.ActiveCfg = Debug|x64
		{82E73155-DC2F-4008-8F2E-FAB260865AF3}.Debug|x64.Build.0 = Debug|x64
		{82E73155-DC2F-4008-8F2E-FAB260865AF3}.Debug|x86.ActiveCfg = Debug|Win32
		{82E73155-DC2F-4008-8F2E-FAB260865AF3}.Debug|x86.Build.0 = Debug|Win32
		{82E73155-DC2F-4008-8F2E-FAB260865AF3}.Release|x64.ActiveCfg = Release|x64
		{82E73155-DC2F-4008-8F2E-FAB260865AF3}.Release|x64.Build.0 = Release|x64
		{82E73155-DC2F-4008-8F2E-FAB260865AF3}.Release|x86.ActiveCfg = Release|Win32
		{82E73155-DC2F-4008-8F2E-FAB260865AF3}.Release|x86.Build.0 = Release|Win32
		{BA9807DE-E240-418A-B834-82C6D9C47EF9}.Debug|x64.ActiveCfg = Debug|x64
		{BA9807DE-E240-418A-B834-82C6D9C47EF9}.Debug|x64.Build.0 = Debug|x64
		{BA9807DE-E240-418A-B834-82C6D9C47EF9}.Debug|x86.ActiveCfg = Debug|Win32
		{BA9807DE-E240-418A-B834-82C6D9C47EF9}.Debug|x86.Build.0 = Debug|Win32
		{BA9807DE-E240-418A-B834-82C6D9C47EF9}.Release|x64.ActiveCfg = Release|x64
		{BA9807DE-E240-418A-B834-82C6D9C47EF9}.Release|x64.Build.0 = Release|x64
		{BA9807DE-E240-418A-B834-82C6D9C47EF9}.Release|x86.ActiveCfg = Release|Win32
		{BA9807DE-E240-418A-B834-82C6D9C47EF9}.Release|x86.Build.0 = Release|Win32
	EndGlobalSection
	GlobalSection(SolutionProperties) = preSolution
		HideSolutionNode = FALSE
	EndGlobalSection
	GlobalSection(ExtensibilityGlobals) = postSolution
		SolutionGuid = {6DD648D6-5ED9-4E18-A2A8-3DE0CA09DE3E}
	EndGlobalSection
EndGlobal
