
Microsoft Visual Studio Solution File, Format Version 12.00
# Visual Studio 15
VisualStudioVersion = 15.0.27703.2047
MinimumVisualStudioVersion = 10.0.40219.1
Project("{8BC9CEB8-8B4A-11D0-8D11-00A0C91BC942}") = "1- Hello Aie", "Project1\Project1.vcxproj", "{82E73155-DC2F-4008-8F2E-FAB260865AF3}"
EndProject
Project("{8BC9CEB8-8B4A-11D0-8D11-00A0C91BC942}") = "2- variables", "Project2\Project2.vcxproj", "{BA9807DE-E240-418A-B834-82C6D9C47EF9}"
EndProject
Project("{8BC9CEB8-8B4A-11D0-8D11-00A0C91BC942}") = "3- Loops", "Project3\Project3.vcxproj", "{B13C436D-BD04-42E4-AC56-B9004D3E45B9}"
EndProject
Project("{8BC9CEB8-8B4A-11D0-8D11-00A0C91BC942}") = "4- conditionals", "Project4\Project4.vcxproj", "{3CFA8FEB-3C43-4F62-8682-94A020198A5B}"
EndProject
Project("{8BC9CEB8-8B4A-11D0-8D11-00A0C91BC942}") = "5-functions", "5-functions\5-functions.vcxproj", "{DA4B9AC5-D95A-4595-A83C-F08AE5060F01}"
EndProject
Project("{8BC9CEB8-8B4A-11D0-8D11-00A0C91BC942}") = "6- Arrays", "6-\6-.vcxproj", "{B27A5C64-157E-445D-B2D9-BE0DD775F268}"
EndProject
Project("{8BC9CEB8-8B4A-11D0-8D11-00A0C91BC942}") = "7- structures", "6- structures\6- structures.vcxproj", "{4A4BD6A6-8274-42E1-8A26-D067CCDD6DD8}"
EndProject
Project("{8BC9CEB8-8B4A-11D0-8D11-00A0C91BC942}") = "Asses-tic-tac-toe", "Asses-tic-tac-toe\Asses-tic-tac-toe.vcxproj", "{7ECDD252-7E33-4730-9777-6B0F3DFBAB70}"
EndProject
Project("{8BC9CEB8-8B4A-11D0-8D11-00A0C91BC942}") = "Asses-tic-tac-toe-v2", "Asses-tic-tac-toe-v2\Asses-tic-tac-toe-v2.vcxproj", "{E7C219F7-8C7C-4E6A-98A4-AB6785B8C05D}"
EndProject
Project("{8BC9CEB8-8B4A-11D0-8D11-00A0C91BC942}") = "Review 1", "Project5\Project5.vcxproj", "{C56FB7A5-67CF-4ED4-951C-472AA71DB0BC}"
EndProject
Project("{8BC9CEB8-8B4A-11D0-8D11-00A0C91BC942}") = "8- pointers", "8-\8-.vcxproj", "{F1B5B817-D038-47B7-8392-0CFF4837F416}"
EndProject
Project("{8BC9CEB8-8B4A-11D0-8D11-00A0C91BC942}") = "Connect 4", "Project6\Project6.vcxproj", "{DD192E8C-D252-438C-9EC0-65D8B8C3A7D0}"
EndProject
Project("{8BC9CEB8-8B4A-11D0-8D11-00A0C91BC942}") = "9-", "9-\9-.vcxproj", "{05A661B9-9C07-4DF8-9F31-0CA47B352725}"
EndProject
Project("{8BC9CEB8-8B4A-11D0-8D11-00A0C91BC942}") = "Teststuff", "Project7\Project7.vcxproj", "{85E49BD8-3893-4124-8ADB-93AF00F23AF9}"
EndProject
Project("{8BC9CEB8-8B4A-11D0-8D11-00A0C91BC942}") = "Asses-NumberGuess", "Asses-NumberGuess\Asses-NumberGuess.vcxproj", "{666C0BF5-7344-4AF3-97C6-FB50110C777E}"
EndProject
Global
	GlobalSection(SolutionConfigurationPlatforms) = preSolution
		Debug|x64 = Debug|x64
		Debug|x86 = Debug|x86
		Release|x64 = Release|x64
		Release|x86 = Release|x86
	EndGlobalSection
	GlobalSection(ProjectConfigurationPlatforms) = postSolution
		{82E73155-DC2F-4008-8F2E-FAB260865AF3}.Debug|x64.ActiveCfg = Debug|x64
		{82E73155-DC2F-4008-8F2E-FAB260865AF3}.Debug|x64.Build.0 = Debug|x64
		{82E73155-DC2F-4008-8F2E-FAB260865AF3}.Debug|x86.ActiveCfg = Debug|Win32
		{82E73155-DC2F-4008-8F2E-FAB260865AF3}.Debug|x86.Build.0 = Debug|Win32
		{82E73155-DC2F-4008-8F2E-FAB260865AF3}.Release|x64.ActiveCfg = Release|x64
		{82E73155-DC2F-4008-8F2E-FAB260865AF3}.Release|x64.Build.0 = Release|x64
		{82E73155-DC2F-4008-8F2E-FAB260865AF3}.Release|x86.ActiveCfg = Release|Win32
		{82E73155-DC2F-4008-8F2E-FAB260865AF3}.Release|x86.Build.0 = Release|Win32
		{BA9807DE-E240-418A-B834-82C6D9C47EF9}.Debug|x64.ActiveCfg = Debug|x64
		{BA9807DE-E240-418A-B834-82C6D9C47EF9}.Debug|x64.Build.0 = Debug|x64
		{BA9807DE-E240-418A-B834-82C6D9C47EF9}.Debug|x86.ActiveCfg = Debug|Win32
		{BA9807DE-E240-418A-B834-82C6D9C47EF9}.Debug|x86.Build.0 = Debug|Win32
		{BA9807DE-E240-418A-B834-82C6D9C47EF9}.Release|x64.ActiveCfg = Release|x64
		{BA9807DE-E240-418A-B834-82C6D9C47EF9}.Release|x64.Build.0 = Release|x64
		{BA9807DE-E240-418A-B834-82C6D9C47EF9}.Release|x86.ActiveCfg = Release|Win32
		{BA9807DE-E240-418A-B834-82C6D9C47EF9}.Release|x86.Build.0 = Release|Win32
		{B13C436D-BD04-42E4-AC56-B9004D3E45B9}.Debug|x64.ActiveCfg = Debug|x64
		{B13C436D-BD04-42E4-AC56-B9004D3E45B9}.Debug|x64.Build.0 = Debug|x64
		{B13C436D-BD04-42E4-AC56-B9004D3E45B9}.Debug|x86.ActiveCfg = Debug|Win32
		{B13C436D-BD04-42E4-AC56-B9004D3E45B9}.Debug|x86.Build.0 = Debug|Win32
		{B13C436D-BD04-42E4-AC56-B9004D3E45B9}.Release|x64.ActiveCfg = Release|x64
		{B13C436D-BD04-42E4-AC56-B9004D3E45B9}.Release|x64.Build.0 = Release|x64
		{B13C436D-BD04-42E4-AC56-B9004D3E45B9}.Release|x86.ActiveCfg = Release|Win32
		{B13C436D-BD04-42E4-AC56-B9004D3E45B9}.Release|x86.Build.0 = Release|Win32
		{3CFA8FEB-3C43-4F62-8682-94A020198A5B}.Debug|x64.ActiveCfg = Debug|x64
		{3CFA8FEB-3C43-4F62-8682-94A020198A5B}.Debug|x64.Build.0 = Debug|x64
		{3CFA8FEB-3C43-4F62-8682-94A020198A5B}.Debug|x86.ActiveCfg = Debug|Win32
		{3CFA8FEB-3C43-4F62-8682-94A020198A5B}.Debug|x86.Build.0 = Debug|Win32
		{3CFA8FEB-3C43-4F62-8682-94A020198A5B}.Release|x64.ActiveCfg = Release|x64
		{3CFA8FEB-3C43-4F62-8682-94A020198A5B}.Release|x64.Build.0 = Release|x64
		{3CFA8FEB-3C43-4F62-8682-94A020198A5B}.Release|x86.ActiveCfg = Release|Win32
		{3CFA8FEB-3C43-4F62-8682-94A020198A5B}.Release|x86.Build.0 = Release|Win32
		{DA4B9AC5-D95A-4595-A83C-F08AE5060F01}.Debug|x64.ActiveCfg = Debug|x64
		{DA4B9AC5-D95A-4595-A83C-F08AE5060F01}.Debug|x64.Build.0 = Debug|x64
		{DA4B9AC5-D95A-4595-A83C-F08AE5060F01}.Debug|x86.ActiveCfg = Debug|Win32
		{DA4B9AC5-D95A-4595-A83C-F08AE5060F01}.Debug|x86.Build.0 = Debug|Win32
		{DA4B9AC5-D95A-4595-A83C-F08AE5060F01}.Release|x64.ActiveCfg = Release|x64
		{DA4B9AC5-D95A-4595-A83C-F08AE5060F01}.Release|x64.Build.0 = Release|x64
		{DA4B9AC5-D95A-4595-A83C-F08AE5060F01}.Release|x86.ActiveCfg = Release|Win32
		{DA4B9AC5-D95A-4595-A83C-F08AE5060F01}.Release|x86.Build.0 = Release|Win32
		{B27A5C64-157E-445D-B2D9-BE0DD775F268}.Debug|x64.ActiveCfg = Debug|x64
		{B27A5C64-157E-445D-B2D9-BE0DD775F268}.Debug|x64.Build.0 = Debug|x64
		{B27A5C64-157E-445D-B2D9-BE0DD775F268}.Debug|x86.ActiveCfg = Debug|Win32
		{B27A5C64-157E-445D-B2D9-BE0DD775F268}.Debug|x86.Build.0 = Debug|Win32
		{B27A5C64-157E-445D-B2D9-BE0DD775F268}.Release|x64.ActiveCfg = Release|x64
		{B27A5C64-157E-445D-B2D9-BE0DD775F268}.Release|x64.Build.0 = Release|x64
		{B27A5C64-157E-445D-B2D9-BE0DD775F268}.Release|x86.ActiveCfg = Release|Win32
		{B27A5C64-157E-445D-B2D9-BE0DD775F268}.Release|x86.Build.0 = Release|Win32
		{4A4BD6A6-8274-42E1-8A26-D067CCDD6DD8}.Debug|x64.ActiveCfg = Debug|x64
		{4A4BD6A6-8274-42E1-8A26-D067CCDD6DD8}.Debug|x64.Build.0 = Debug|x64
		{4A4BD6A6-8274-42E1-8A26-D067CCDD6DD8}.Debug|x86.ActiveCfg = Debug|Win32
		{4A4BD6A6-8274-42E1-8A26-D067CCDD6DD8}.Debug|x86.Build.0 = Debug|Win32
		{4A4BD6A6-8274-42E1-8A26-D067CCDD6DD8}.Release|x64.ActiveCfg = Release|x64
		{4A4BD6A6-8274-42E1-8A26-D067CCDD6DD8}.Release|x64.Build.0 = Release|x64
		{4A4BD6A6-8274-42E1-8A26-D067CCDD6DD8}.Release|x86.ActiveCfg = Release|Win32
		{4A4BD6A6-8274-42E1-8A26-D067CCDD6DD8}.Release|x86.Build.0 = Release|Win32
		{7ECDD252-7E33-4730-9777-6B0F3DFBAB70}.Debug|x64.ActiveCfg = Debug|x64
		{7ECDD252-7E33-4730-9777-6B0F3DFBAB70}.Debug|x64.Build.0 = Debug|x64
		{7ECDD252-7E33-4730-9777-6B0F3DFBAB70}.Debug|x86.ActiveCfg = Debug|Win32
		{7ECDD252-7E33-4730-9777-6B0F3DFBAB70}.Debug|x86.Build.0 = Debug|Win32
		{7ECDD252-7E33-4730-9777-6B0F3DFBAB70}.Release|x64.ActiveCfg = Release|x64
		{7ECDD252-7E33-4730-9777-6B0F3DFBAB70}.Release|x64.Build.0 = Release|x64
		{7ECDD252-7E33-4730-9777-6B0F3DFBAB70}.Release|x86.ActiveCfg = Release|Win32
		{7ECDD252-7E33-4730-9777-6B0F3DFBAB70}.Release|x86.Build.0 = Release|Win32
		{E7C219F7-8C7C-4E6A-98A4-AB6785B8C05D}.Debug|x64.ActiveCfg = Debug|x64
		{E7C219F7-8C7C-4E6A-98A4-AB6785B8C05D}.Debug|x64.Build.0 = Debug|x64
		{E7C219F7-8C7C-4E6A-98A4-AB6785B8C05D}.Debug|x86.ActiveCfg = Debug|Win32
		{E7C219F7-8C7C-4E6A-98A4-AB6785B8C05D}.Debug|x86.Build.0 = Debug|Win32
		{E7C219F7-8C7C-4E6A-98A4-AB6785B8C05D}.Release|x64.ActiveCfg = Release|x64
		{E7C219F7-8C7C-4E6A-98A4-AB6785B8C05D}.Release|x64.Build.0 = Release|x64
		{E7C219F7-8C7C-4E6A-98A4-AB6785B8C05D}.Release|x86.ActiveCfg = Release|Win32
		{E7C219F7-8C7C-4E6A-98A4-AB6785B8C05D}.Release|x86.Build.0 = Release|Win32
		{C56FB7A5-67CF-4ED4-951C-472AA71DB0BC}.Debug|x64.ActiveCfg = Debug|x64
		{C56FB7A5-67CF-4ED4-951C-472AA71DB0BC}.Debug|x64.Build.0 = Debug|x64
		{C56FB7A5-67CF-4ED4-951C-472AA71DB0BC}.Debug|x86.ActiveCfg = Debug|Win32
		{C56FB7A5-67CF-4ED4-951C-472AA71DB0BC}.Debug|x86.Build.0 = Debug|Win32
		{C56FB7A5-67CF-4ED4-951C-472AA71DB0BC}.Release|x64.ActiveCfg = Release|x64
		{C56FB7A5-67CF-4ED4-951C-472AA71DB0BC}.Release|x64.Build.0 = Release|x64
		{C56FB7A5-67CF-4ED4-951C-472AA71DB0BC}.Release|x86.ActiveCfg = Release|Win32
		{C56FB7A5-67CF-4ED4-951C-472AA71DB0BC}.Release|x86.Build.0 = Release|Win32
		{F1B5B817-D038-47B7-8392-0CFF4837F416}.Debug|x64.ActiveCfg = Debug|x64
		{F1B5B817-D038-47B7-8392-0CFF4837F416}.Debug|x64.Build.0 = Debug|x64
		{F1B5B817-D038-47B7-8392-0CFF4837F416}.Debug|x86.ActiveCfg = Debug|Win32
		{F1B5B817-D038-47B7-8392-0CFF4837F416}.Debug|x86.Build.0 = Debug|Win32
		{F1B5B817-D038-47B7-8392-0CFF4837F416}.Release|x64.ActiveCfg = Release|x64
		{F1B5B817-D038-47B7-8392-0CFF4837F416}.Release|x64.Build.0 = Release|x64
		{F1B5B817-D038-47B7-8392-0CFF4837F416}.Release|x86.ActiveCfg = Release|Win32
		{F1B5B817-D038-47B7-8392-0CFF4837F416}.Release|x86.Build.0 = Release|Win32
		{DD192E8C-D252-438C-9EC0-65D8B8C3A7D0}.Debug|x64.ActiveCfg = Debug|x64
		{DD192E8C-D252-438C-9EC0-65D8B8C3A7D0}.Debug|x64.Build.0 = Debug|x64
		{DD192E8C-D252-438C-9EC0-65D8B8C3A7D0}.Debug|x86.ActiveCfg = Debug|Win32
		{DD192E8C-D252-438C-9EC0-65D8B8C3A7D0}.Debug|x86.Build.0 = Debug|Win32
		{DD192E8C-D252-438C-9EC0-65D8B8C3A7D0}.Release|x64.ActiveCfg = Release|x64
		{DD192E8C-D252-438C-9EC0-65D8B8C3A7D0}.Release|x64.Build.0 = Release|x64
		{DD192E8C-D252-438C-9EC0-65D8B8C3A7D0}.Release|x86.ActiveCfg = Release|Win32
		{DD192E8C-D252-438C-9EC0-65D8B8C3A7D0}.Release|x86.Build.0 = Release|Win32
		{05A661B9-9C07-4DF8-9F31-0CA47B352725}.Debug|x64.ActiveCfg = Debug|x64
		{05A661B9-9C07-4DF8-9F31-0CA47B352725}.Debug|x64.Build.0 = Debug|x64
		{05A661B9-9C07-4DF8-9F31-0CA47B352725}.Debug|x86.ActiveCfg = Debug|Win32
		{05A661B9-9C07-4DF8-9F31-0CA47B352725}.Debug|x86.Build.0 = Debug|Win32
		{05A661B9-9C07-4DF8-9F31-0CA47B352725}.Release|x64.ActiveCfg = Release|x64
		{05A661B9-9C07-4DF8-9F31-0CA47B352725}.Release|x64.Build.0 = Release|x64
		{05A661B9-9C07-4DF8-9F31-0CA47B352725}.Release|x86.ActiveCfg = Release|Win32
		{05A661B9-9C07-4DF8-9F31-0CA47B352725}.Release|x86.Build.0 = Release|Win32
		{85E49BD8-3893-4124-8ADB-93AF00F23AF9}.Debug|x64.ActiveCfg = Debug|x64
		{85E49BD8-3893-4124-8ADB-93AF00F23AF9}.Debug|x64.Build.0 = Debug|x64
		{85E49BD8-3893-4124-8ADB-93AF00F23AF9}.Debug|x86.ActiveCfg = Debug|Win32
		{85E49BD8-3893-4124-8ADB-93AF00F23AF9}.Debug|x86.Build.0 = Debug|Win32
		{85E49BD8-3893-4124-8ADB-93AF00F23AF9}.Release|x64.ActiveCfg = Release|x64
		{85E49BD8-3893-4124-8ADB-93AF00F23AF9}.Release|x64.Build.0 = Release|x64
		{85E49BD8-3893-4124-8ADB-93AF00F23AF9}.Release|x86.ActiveCfg = Release|Win32
		{85E49BD8-3893-4124-8ADB-93AF00F23AF9}.Release|x86.Build.0 = Release|Win32
		{666C0BF5-7344-4AF3-97C6-FB50110C777E}.Debug|x64.ActiveCfg = Debug|x64
		{666C0BF5-7344-4AF3-97C6-FB50110C777E}.Debug|x64.Build.0 = Debug|x64
		{666C0BF5-7344-4AF3-97C6-FB50110C777E}.Debug|x86.ActiveCfg = Debug|Win32
		{666C0BF5-7344-4AF3-97C6-FB50110C777E}.Debug|x86.Build.0 = Debug|Win32
		{666C0BF5-7344-4AF3-97C6-FB50110C777E}.Release|x64.ActiveCfg = Release|x64
		{666C0BF5-7344-4AF3-97C6-FB50110C777E}.Release|x64.Build.0 = Release|x64
		{666C0BF5-7344-4AF3-97C6-FB50110C777E}.Release|x86.ActiveCfg = Release|Win32
		{666C0BF5-7344-4AF3-97C6-FB50110C777E}.Release|x86.Build.0 = Release|Win32
	EndGlobalSection
	GlobalSection(SolutionProperties) = preSolution
		HideSolutionNode = FALSE
	EndGlobalSection
	GlobalSection(ExtensibilityGlobals) = postSolution
		SolutionGuid = {6DD648D6-5ED9-4E18-A2A8-3DE0CA09DE3E}
	EndGlobalSection
EndGlobal
